{
  "name": "random-history-facts",
  "version": "2.0.0",
  "lockfileVersion": 3,
  "requires": true,
  "packages": {
    "": {
      "name": "random-history-facts",
      "version": "2.0.0",
      "license": "MIT",
      "dependencies": {
        "g": "^2.0.1",
        "lolcatjs": "^2.4.3"
      },
      "bin": {
        "history-fact": "bin/global.js"
      }
    },
    "node_modules/ansi": {
      "version": "0.3.1",
      "license": "MIT"
    },
    "node_modules/ansi-styles": {
      "version": "4.3.0",
      "license": "MIT",
      "dependencies": {
        "color-convert": "^2.0.1"
      },
      "engines": {
        "node": ">=8"
      },
      "funding": {
        "url": "https://github.com/chalk/ansi-styles?sponsor=1"
      }
    },
    "node_modules/chalk": {
      "version": "3.0.0",
      "license": "MIT",
      "dependencies": {
        "ansi-styles": "^4.1.0",
        "supports-color": "^7.1.0"
      },
      "engines": {
        "node": ">=8"
      }
    },
    "node_modules/color-convert": {
      "version": "2.0.1",
      "license": "MIT",
      "dependencies": {
        "color-name": "~1.1.4"
      },
      "engines": {
        "node": ">=7.0.0"
      }
    },
    "node_modules/color-name": {
      "version": "1.1.4",
      "license": "MIT"
    },
    "node_modules/g": {
      "version": "2.0.1",
      "license": "MIT"
    },
    "node_modules/has-flag": {
      "version": "4.0.0",
      "license": "MIT",
      "engines": {
        "node": ">=8"
      }
    },
    "node_modules/line-by-line": {
      "version": "0.1.6",
      "engines": {
        "node": ">=4.0.0"
      }
    },
    "node_modules/lolcatjs": {
      "version": "2.4.3",
      "license": "WTFPL",
      "dependencies": {
        "ansi": "^0.3.1",
        "chalk": "^3.0.0",
        "line-by-line": "^0.1.6",
        "minimist": "^1.2.0",
        "supports-color": "^7.1.0"
      },
      "bin": {
        "lolcatjs": "cli.js"
      },
      "engines": {
        "node": ">=6.9"
      },
      "optionalDependencies": {
        "sleep": "^6.3.0"
      }
    },
    "node_modules/minimist": {
      "version": "1.2.8",
      "license": "MIT",
      "funding": {
        "url": "https://github.com/sponsors/ljharb"
      }
    },
    "node_modules/nan": {
      "version": "2.20.0",
      "license": "MIT",
      "optional": true
    },
    "node_modules/sleep": {
      "version": "6.3.0",
      "license": "MIT",
      "optional": true,
      "dependencies": {
        "nan": "^2.14.1"
      },
      "engines": {
        "node": ">=0.8.0"
      }
    },
    "node_modules/supports-color": {
      "version": "7.2.0",
      "license": "MIT",
      "dependencies": {
        "has-flag": "^4.0.0"
      },
      "engines": {
        "node": ">=8"
      }
    }
  }
}
